
Microsoft Visual Studio Solution File, Format Version 11.00
# Visual C++ Express 2010
Project("{8BC9CEB8-8B4A-11D0-8D11-00A0C91BC942}") = "GolfScore_arrays_pointers", "GolfScore_arrays_pointers\GolfScore_arrays_pointers.vcxproj", "{1E495429-B9DA-48E0-9EB1-3D283671FA85}"
EndProject
Global
	GlobalSection(SolutionConfigurationPlatforms) = preSolution
		Debug|Win32 = Debug|Win32
		Release|Win32 = Release|Win32
	EndGlobalSection
	GlobalSection(ProjectConfigurationPlatforms) = postSolution
		{1E495429-B9DA-48E0-9EB1-3D283671FA85}.Debug|Win32.ActiveCfg = Debug|Win32
		{1E495429-B9DA-48E0-9EB1-3D283671FA85}.Debug|Win32.Build.0 = Debug|Win32
		{1E495429-B9DA-48E0-9EB1-3D283671FA85}.Release|Win32.ActiveCfg = Release|Win32
		{1E495429-B9DA-48E0-9EB1-3D283671FA85}.Release|Win32.Build.0 = Release|Win32
	EndGlobalSection
	GlobalSection(SolutionProperties) = preSolution
		HideSolutionNode = FALSE
	EndGlobalSection
EndGlobal
